# THIS IS AN AUTOGENERATED FILE. DO NOT EDIT THIS FILE DIRECTLY.
# yarn lockfile v1


"@types/react@^19.1.9":
  version "19.1.9"
  resolved "https://registry.yarnpkg.com/@types/react/-/react-19.1.9.tgz#f42b24f35474566a39b5c3a98e4d0c425b79a849"
  integrity sha512-WmdoynAX8Stew/36uTSVMcLJJ1KRh6L3IZRx1PZ7qJtBqT3dYTgyDTx8H1qoRghErydW7xw9mSJ3wS//tCRpFA==
  dependencies:
    csstype "^3.0.2"

clsx@^2.1.1:
  version "2.1.1"
  resolved "https://registry.yarnpkg.com/clsx/-/clsx-2.1.1.tgz#eed397c9fd8bd882bfb18deab7102049a2f32999"
  integrity sha512-eYm0QWBtUrBWZWG0d386OGAw16Z995PiOVo2B7bjWSbHedGl5e0ZWaq65kOGgUSNesEIDkB9ISbTg/JK9dhCZA==

csstype@^3.0.2, csstype@^3.1.0:
  version "3.1.3"
  resolved "https://registry.yarnpkg.com/csstype/-/csstype-3.1.3.tgz#d80ff294d114fb0e6ac500fbf85b60137d7eff81"
  integrity sha512-M1uQkMl8rQK/szD0LNhtqxIPLpimGm8sOBwU7lLnCpSbTyY3yeU1Vc7l4KT5zT4s/yOxHH5O7tIuuLOCnLADRw==

lucide-react@^0.535.0:
  version "0.535.0"
  resolved "https://registry.yarnpkg.com/lucide-react/-/lucide-react-0.535.0.tgz#ee604b02a114ccf620c853fc850d8e1de319f567"
  integrity sha512-2E3+YWGLpjZ8ejIYrdqxVjWMSMiRQHmU6xZYE9xA2SC5j2m0NeB4/acjhRdhxbfniBKoNEukDDQnmShTxwOQ4g==

react@^19.1.0:
  version "19.1.0"
  resolved "https://registry.yarnpkg.com/react/-/react-19.1.0.tgz#926864b6c48da7627f004795d6cce50e90793b75"
  integrity sha512-FS+XFBNvn3GTAWq26joslQgWNoFu08F4kl0J4CgdNKADkdSGXQyTCnKteIAJy96Br6YbpEU1LSzV5dYtjMkMDg==

seroval-plugins@~1.3.0:
  version "1.3.2"
  resolved "https://registry.yarnpkg.com/seroval-plugins/-/seroval-plugins-1.3.2.tgz#4200b538d699853c9bf5c3b7155c498c7c263a6a"
  integrity sha512-0QvCV2lM3aj/U3YozDiVwx9zpH0q8A60CTWIv4Jszj/givcudPb48B+rkU5D51NJ0pTpweGMttHjboPa9/zoIQ==

seroval@~1.3.0:
  version "1.3.2"
  resolved "https://registry.yarnpkg.com/seroval/-/seroval-1.3.2.tgz#7e5be0dc1a3de020800ef013ceae3a313f20eca7"
  integrity sha512-RbcPH1n5cfwKrru7v7+zrZvjLurgHhGyso3HTyGtRivGWgYjbOmGuivCQaORNELjNONoK35nj28EoWul9sb1zQ==

solid-js@^1.9.7:
  version "1.9.7"
  resolved "https://registry.yarnpkg.com/solid-js/-/solid-js-1.9.7.tgz#96ff7800648a30f22d29275264375589f3a725e9"
  integrity sha512-/saTKi8iWEM233n5OSi1YHCCuh66ZIQ7aK2hsToPe4tqGm7qAejU1SwNuTPivbWAYq7SjuHVVYxxuZQNRbICiw==
  dependencies:
    csstype "^3.1.0"
    seroval "~1.3.0"
    seroval-plugins "~1.3.0"

tailwind-merge@^3.3.1:
  version "3.3.1"
  resolved "https://registry.yarnpkg.com/tailwind-merge/-/tailwind-merge-3.3.1.tgz#a7e7db7c714f6020319e626ecfb7e7dac8393a4b"
  integrity sha512-gBXpgUm/3rp1lMZZrM/w7D8GKqshif0zAymAhbCyIt8KMe+0v9DQ7cdYLR4FHH/cKpdTXb+A/tKKU3eolfsI+g==

uuid@^11.1.0:
  version "11.1.0"
  resolved "https://registry.yarnpkg.com/uuid/-/uuid-11.1.0.tgz#9549028be1753bb934fc96e2bca09bb4105ae912"
  integrity sha512-0/A9rDy9P7cJ+8w1c9WD9V//9Wj15Ce2MPz8Ri6032usz+NfePxx5AcN3bN+r6ZL6jEo066/yNYB3tn4pQEx+A==
